lockfileVersion: '9.0'

settings:
  autoInstallPeers: true
  excludeLinksFromLockfile: false

importers:

  .:
    dependencies:
      spacetime:
        specifier: ^7.15.0
        version: 7.15.0

packages:

  spacetime@7.15.0:
    resolution: {integrity: sha512-B3UuJ+3MNAbep6Ag3lEC+/KieZTY1F0QXznMAR4yERiUhlhXHoWRtf7HatOuxm5Wy7kOe9bKqpDfelXEvTk5Jw==}

snapshots:

  spacetime@7.15.0: {}
